
Microsoft Visual Studio Solution File, Format Version 12.00
# Visual Studio Version 17
VisualStudioVersion = 17.2.32516.85
MinimumVisualStudioVersion = 10.0.40219.1
Project("{9A19103F-16F7-4668-BE54-9A1E7A4F7556}") = "AspNet.CorrelationIdGenerator", "src\AspNet.CorrelationIdGenerator\AspNet.CorrelationIdGenerator.csproj", "{41230D80-5DF6-45A0-BCAB-FE7AE99941FB}"
EndProject
Project("{2150E333-8FDC-42A3-9474-1A3956D46DE8}") = "src", "src", "{DD67ED41-7DA9-42CF-9B28-5676BA201BF7}"
EndProject
Project("{2150E333-8FDC-42A3-9474-1A3956D46DE8}") = "test", "test", "{37BFBC31-4F2B-4D9D-95D8-D2A5FD8C7F52}"
EndProject
Project("{2150E333-8FDC-42A3-9474-1A3956D46DE8}") = "example", "example", "{AA94F792-EE64-4C56-9F08-1D4783FDC34E}"
EndProject
Project("{9A19103F-16F7-4668-BE54-9A1E7A4F7556}") = "Example.Api", "example\Example.Api\Example.Api.csproj", "{164D6C81-58CE-40C6-9F93-BDE29B4EB200}"
EndProject
Project("{9A19103F-16F7-4668-BE54-9A1E7A4F7556}") = "AspNet.CorrelationIdGenerator.Tests.Integration", "test\AspNet.CorrelationIdGenerator.Tests.Integration\AspNet.CorrelationIdGenerator.Tests.Integration.csproj", "{2ACFEC8C-603C-44FC-BF92-F5EFC4D6B6C5}"
EndProject
Project("{FAE04EC0-301F-11D3-BF4B-00C04F79EFBC}") = "AspNet.CorrelationIdGenerator.Tests.Unit", "test\AspNet.CorrelationIdGenerator.Tests.Unit\AspNet.CorrelationIdGenerator.Tests.Unit.csproj", "{A9793480-22C8-49D0-A589-665F1CD0D55B}"
EndProject
Global
	GlobalSection(SolutionConfigurationPlatforms) = preSolution
		Debug|Any CPU = Debug|Any CPU
		Release|Any CPU = Release|Any CPU
	EndGlobalSection
	GlobalSection(ProjectConfigurationPlatforms) = postSolution
		{41230D80-5DF6-45A0-BCAB-FE7AE99941FB}.Debug|Any CPU.ActiveCfg = Debug|Any CPU
		{41230D80-5DF6-45A0-BCAB-FE7AE99941FB}.Debug|Any CPU.Build.0 = Debug|Any CPU
		{41230D80-5DF6-45A0-BCAB-FE7AE99941FB}.Release|Any CPU.ActiveCfg = Release|Any CPU
		{41230D80-5DF6-45A0-BCAB-FE7AE99941FB}.Release|Any CPU.Build.0 = Release|Any CPU
		{164D6C81-58CE-40C6-9F93-BDE29B4EB200}.Debug|Any CPU.ActiveCfg = Debug|Any CPU
		{164D6C81-58CE-40C6-9F93-BDE29B4EB200}.Debug|Any CPU.Build.0 = Debug|Any CPU
		{164D6C81-58CE-40C6-9F93-BDE29B4EB200}.Release|Any CPU.ActiveCfg = Release|Any CPU
		{164D6C81-58CE-40C6-9F93-BDE29B4EB200}.Release|Any CPU.Build.0 = Release|Any CPU
		{2ACFEC8C-603C-44FC-BF92-F5EFC4D6B6C5}.Debug|Any CPU.ActiveCfg = Debug|Any CPU
		{2ACFEC8C-603C-44FC-BF92-F5EFC4D6B6C5}.Debug|Any CPU.Build.0 = Debug|Any CPU
		{2ACFEC8C-603C-44FC-BF92-F5EFC4D6B6C5}.Release|Any CPU.ActiveCfg = Release|Any CPU
		{2ACFEC8C-603C-44FC-BF92-F5EFC4D6B6C5}.Release|Any CPU.Build.0 = Release|Any CPU
		{A9793480-22C8-49D0-A589-665F1CD0D55B}.Debug|Any CPU.ActiveCfg = Debug|Any CPU
		{A9793480-22C8-49D0-A589-665F1CD0D55B}.Debug|Any CPU.Build.0 = Debug|Any CPU
		{A9793480-22C8-49D0-A589-665F1CD0D55B}.Release|Any CPU.ActiveCfg = Release|Any CPU
		{A9793480-22C8-49D0-A589-665F1CD0D55B}.Release|Any CPU.Build.0 = Release|Any CPU
	EndGlobalSection
	GlobalSection(SolutionProperties) = preSolution
		HideSolutionNode = FALSE
	EndGlobalSection
	GlobalSection(NestedProjects) = preSolution
		{41230D80-5DF6-45A0-BCAB-FE7AE99941FB} = {DD67ED41-7DA9-42CF-9B28-5676BA201BF7}
		{164D6C81-58CE-40C6-9F93-BDE29B4EB200} = {AA94F792-EE64-4C56-9F08-1D4783FDC34E}
		{2ACFEC8C-603C-44FC-BF92-F5EFC4D6B6C5} = {37BFBC31-4F2B-4D9D-95D8-D2A5FD8C7F52}
		{A9793480-22C8-49D0-A589-665F1CD0D55B} = {37BFBC31-4F2B-4D9D-95D8-D2A5FD8C7F52}
	EndGlobalSection
	GlobalSection(ExtensibilityGlobals) = postSolution
		SolutionGuid = {CA576993-6AB4-4880-BD00-7EB1C1F88A10}
	EndGlobalSection
EndGlobal
